
Microsoft Visual Studio Solution File, Format Version 12.00
# Visual Studio 15
Project("{FAE04EC0-301F-11D3-BF4B-00C04F79EFBC}") = "Assembly-CSharp", "Assembly-CSharp.csproj", "{98259090-0163-2F28-10B6-D518752C132C}"
EndProject
Project("{FAE04EC0-301F-11D3-BF4B-00C04F79EFBC}") = "Assembly-CSharp-Editor", "Assembly-CSharp-Editor.csproj", "{C87FE5C3-F621-8C0B-E6AA-8A9B6BB22801}"
EndProject
Global
	GlobalSection(SolutionConfigurationPlatforms) = preSolution
		Debug|Any CPU = Debug|Any CPU
		Release|Any CPU = Release|Any CPU
	EndGlobalSection
	GlobalSection(ProjectConfigurationPlatforms) = postSolution
		{98259090-0163-2F28-10B6-D518752C132C}.Debug|Any CPU.ActiveCfg = Debug|Any CPU
		{98259090-0163-2F28-10B6-D518752C132C}.Debug|Any CPU.Build.0 = Debug|Any CPU
		{98259090-0163-2F28-10B6-D518752C132C}.Release|Any CPU.ActiveCfg = Release|Any CPU
		{98259090-0163-2F28-10B6-D518752C132C}.Release|Any CPU.Build.0 = Release|Any CPU
		{C87FE5C3-F621-8C0B-E6AA-8A9B6BB22801}.Debug|Any CPU.ActiveCfg = Debug|Any CPU
		{C87FE5C3-F621-8C0B-E6AA-8A9B6BB22801}.Debug|Any CPU.Build.0 = Debug|Any CPU
		{C87FE5C3-F621-8C0B-E6AA-8A9B6BB22801}.Release|Any CPU.ActiveCfg = Release|Any CPU
		{C87FE5C3-F621-8C0B-E6AA-8A9B6BB22801}.Release|Any CPU.Build.0 = Release|Any CPU
	EndGlobalSection
	GlobalSection(SolutionProperties) = preSolution
		HideSolutionNode = FALSE
	EndGlobalSection
EndGlobal
